
Microsoft Visual Studio Solution File, Format Version 12.00
# Visual Studio Version 17
VisualStudioVersion = 17.11.35327.3
MinimumVisualStudioVersion = 10.0.40219.1
Project("{FAE04EC0-301F-11D3-BF4B-00C04F79EFBC}") = "GSTK", "GSTK\GSTK.csproj", "{28D16836-E7CD-4E15-9C46-F463C2B494D3}"
EndProject
Global
	GlobalSection(SolutionConfigurationPlatforms) = preSolution
		Debug|Any CPU = Debug|Any CPU
		Release|Any CPU = Release|Any CPU
	EndGlobalSection
	GlobalSection(ProjectConfigurationPlatforms) = postSolution
		{28D16836-E7CD-4E15-9C46-F463C2B494D3}.Debug|Any CPU.ActiveCfg = Debug|Any CPU
		{28D16836-E7CD-4E15-9C46-F463C2B494D3}.Debug|Any CPU.Build.0 = Debug|Any CPU
		{28D16836-E7CD-4E15-9C46-F463C2B494D3}.Release|Any CPU.ActiveCfg = Release|Any CPU
		{28D16836-E7CD-4E15-9C46-F463C2B494D3}.Release|Any CPU.Build.0 = Release|Any CPU
	EndGlobalSection
	GlobalSection(SolutionProperties) = preSolution
		HideSolutionNode = FALSE
	EndGlobalSection
	GlobalSection(ExtensibilityGlobals) = postSolution
		SolutionGuid = {2EA306C9-B377-43A4-B755-9890676720C5}
	EndGlobalSection
EndGlobal
